{
  "originHash" : "2cd5226517eb8502063579cd80820b855cacd994f63ff7012771df4d679600f1",
  "pins" : [
    {
      "identity" : "marqueelabel",
      "kind" : "remoteSourceControl",
      "location" : "https://github.com/cbpowell/MarqueeLabel",
      "state" : {
        "revision" : "c6b4da400c00dfd5db7a4f6e4915ca531d95fc49",
        "version" : "4.5.3"
      }
    },
    {
      "identity" : "snapkit",
      "kind" : "remoteSourceControl",
      "location" : "https://github.com/SnapKit/SnapKit",
      "state" : {
        "revision" : "e27a338a03a5f388de759da63f9baf7988ed9e00",
        "version" : "6.0.0"
      }
    }
  ],
  "version" : 3
}
